{
  "name": "@hexlet/code.",
  "version": "1.0.0",
  "lockfileVersion": 2,
  "requires": true,
  "packages": {
    "": {
      "name": "@hexlet/code.",
      "version": "1.0.0",
      "license": "ISC",
      "dependencies": {
        "cl": "^0.0.1"
      }
    },
    "node_modules/cl": {
      "version": "0.0.1",
      "resolved": "https://registry.npmjs.org/cl/-/cl-0.0.1.tgz",
      "integrity": "sha1-5ZQ5rbGja4xvPaBTrEmvb7noLKs="
    }
  },
  "dependencies": {
    "cl": {
      "version": "0.0.1",
      "resolved": "https://registry.npmjs.org/cl/-/cl-0.0.1.tgz",
      "integrity": "sha1-5ZQ5rbGja4xvPaBTrEmvb7noLKs="
    }
  }
}
